// !$*UTF8*$!
{
	archiveVersion = 1;
	classes = {
	};
	objectVersion = 50;
	objects = {

/* Begin PBXBuildFile section */
		186A51A9270EEC9B000F6756 /* LaunchScreen.storyboard in Resources */ = {isa = PBXBuildFile; fileRef = 186A51A8270EEC9B000F6756 /* LaunchScreen.storyboard */; };
		316DDD5E272FB57400D37160 /* AddBalanceView.swift in Sources */ = {isa = PBXBuildFile; fileRef = 316DDD5D272FB57400D37160 /* AddBalanceView.swift */; };
		316DDD5F272FB57400D37160 /* AddBalanceView.swift in Sources */ = {isa = PBXBuildFile; fileRef = 316DDD5D272FB57400D37160 /* AddBalanceView.swift */; };
		31C891CB270624F60014389E /* Xpendi.xcdatamodeld in Sources */ = {isa = PBXBuildFile; fileRef = 31C891B5270624F40014389E /* Xpendi.xcdatamodeld */; };
		31C891CC270624F60014389E /* Xpendi.xcdatamodeld in Sources */ = {isa = PBXBuildFile; fileRef = 31C891B5270624F40014389E /* Xpendi.xcdatamodeld */; };
		31C891CD270624F60014389E /* XpendiApp.swift in Sources */ = {isa = PBXBuildFile; fileRef = 31C891B7270624F40014389E /* XpendiApp.swift */; };
		31C891CE270624F60014389E /* XpendiApp.swift in Sources */ = {isa = PBXBuildFile; fileRef = 31C891B7270624F40014389E /* XpendiApp.swift */; };
		31C891D1270624F60014389E /* Persistence.swift in Sources */ = {isa = PBXBuildFile; fileRef = 31C891B9270624F40014389E /* Persistence.swift */; };
		31C891D2270624F60014389E /* Persistence.swift in Sources */ = {isa = PBXBuildFile; fileRef = 31C891B9270624F40014389E /* Persistence.swift */; };
		31C891D3270624F60014389E /* Assets.xcassets in Resources */ = {isa = PBXBuildFile; fileRef = 31C891BA270624F50014389E /* Assets.xcassets */; };
		31C891D4270624F60014389E /* Assets.xcassets in Resources */ = {isa = PBXBuildFile; fileRef = 31C891BA270624F50014389E /* Assets.xcassets */; };
		31EA00DF2708D4B600BA49FD /* Balance.swift in Sources */ = {isa = PBXBuildFile; fileRef = 31EA00DE2708D4B600BA49FD /* Balance.swift */; };
		31EA00E62708D54B00BA49FD /* Balance.swift in Sources */ = {isa = PBXBuildFile; fileRef = 31EA00DE2708D4B600BA49FD /* Balance.swift */; };
		31EA00E82708D57500BA49FD /* SwiftUIView.swift in Sources */ = {isa = PBXBuildFile; fileRef = 31EA00E72708D57500BA49FD /* SwiftUIView.swift */; };
		31EA00E92708D57800BA49FD /* SwiftUIView.swift in Sources */ = {isa = PBXBuildFile; fileRef = 31EA00E72708D57500BA49FD /* SwiftUIView.swift */; };
/* End PBXBuildFile section */

/* Begin PBXFileReference section */
		186A51A8270EEC9B000F6756 /* LaunchScreen.storyboard */ = {isa = PBXFileReference; lastKnownFileType = file.storyboard; path = LaunchScreen.storyboard; sourceTree = "<group>"; };
		316DDD5D272FB57400D37160 /* AddBalanceView.swift */ = {isa = PBXFileReference; lastKnownFileType = sourcecode.swift; path = AddBalanceView.swift; sourceTree = "<group>"; };
		31C891B6270624F40014389E /* Shared.xcdatamodel */ = {isa = PBXFileReference; lastKnownFileType = wrapper.xcdatamodel; path = Shared.xcdatamodel; sourceTree = "<group>"; };
		31C891B7270624F40014389E /* XpendiApp.swift */ = {isa = PBXFileReference; lastKnownFileType = sourcecode.swift; path = XpendiApp.swift; sourceTree = "<group>"; };
		31C891B9270624F40014389E /* Persistence.swift */ = {isa = PBXFileReference; lastKnownFileType = sourcecode.swift; path = Persistence.swift; sourceTree = "<group>"; };
		31C891BA270624F50014389E /* Assets.xcassets */ = {isa = PBXFileReference; lastKnownFileType = folder.assetcatalog; path = Assets.xcassets; sourceTree = "<group>"; };
		31C891BF270624F60014389E /* Xpendi.app */ = {isa = PBXFileReference; explicitFileType = wrapper.application; includeInIndex = 0; path = Xpendi.app; sourceTree = BUILT_PRODUCTS_DIR; };
		31C891C2270624F60014389E /* Info.plist */ = {isa = PBXFileReference; lastKnownFileType = text.plist.xml; path = Info.plist; sourceTree = "<group>"; };
		31C891C7270624F60014389E /* Xpendi.app */ = {isa = PBXFileReference; explicitFileType = wrapper.application; includeInIndex = 0; path = Xpendi.app; sourceTree = BUILT_PRODUCTS_DIR; };
		31C891C9270624F60014389E /* Info.plist */ = {isa = PBXFileReference; lastKnownFileType = text.plist.xml; path = Info.plist; sourceTree = "<group>"; };
		31C891CA270624F60014389E /* macOS.entitlements */ = {isa = PBXFileReference; lastKnownFileType = text.plist.entitlements; path = macOS.entitlements; sourceTree = "<group>"; };
		31EA00DE2708D4B600BA49FD /* Balance.swift */ = {isa = PBXFileReference; lastKnownFileType = sourcecode.swift; path = Balance.swift; sourceTree = "<group>"; };
		31EA00E72708D57500BA49FD /* SwiftUIView.swift */ = {isa = PBXFileReference; lastKnownFileType = sourcecode.swift; path = SwiftUIView.swift; sourceTree = "<group>"; };
/* End PBXFileReference section */

/* Begin PBXFrameworksBuildPhase section */
		31C891BC270624F60014389E /* Frameworks */ = {
			isa = PBXFrameworksBuildPhase;
			buildActionMask = 2147483647;
			files = (
			);
			runOnlyForDeploymentPostprocessing = 0;
		};
		31C891C4270624F60014389E /* Frameworks */ = {
			isa = PBXFrameworksBuildPhase;
			buildActionMask = 2147483647;
			files = (
			);
			runOnlyForDeploymentPostprocessing = 0;
		};
/* End PBXFrameworksBuildPhase section */

/* Begin PBXGroup section */
		31C891AF270624F40014389E = {
			isa = PBXGroup;
			children = (
				31C891B4270624F40014389E /* Shared */,
				31C891C1270624F60014389E /* iOS */,
				31C891C8270624F60014389E /* macOS */,
				31C891C0270624F60014389E /* Products */,
			);
			sourceTree = "<group>";
		};
		31C891B4270624F40014389E /* Shared */ = {
			isa = PBXGroup;
			children = (
				31EA00E02708D4CD00BA49FD /* App */,
				31EA00DD2708D49300BA49FD /* Model */,
				31C891B7270624F40014389E /* XpendiApp.swift */,
				31C891B9270624F40014389E /* Persistence.swift */,
				31C891BA270624F50014389E /* Assets.xcassets */,
				31C891B5270624F40014389E /* Xpendi.xcdatamodeld */,
				186A51A8270EEC9B000F6756 /* LaunchScreen.storyboard */,
			);
			path = Shared;
			sourceTree = "<group>";
		};
		31C891C0270624F60014389E /* Products */ = {
			isa = PBXGroup;
			children = (
				31C891BF270624F60014389E /* Xpendi.app */,
				31C891C7270624F60014389E /* Xpendi.app */,
			);
			name = Products;
			sourceTree = "<group>";
		};
		31C891C1270624F60014389E /* iOS */ = {
			isa = PBXGroup;
			children = (
				31C891C2270624F60014389E /* Info.plist */,
			);
			path = iOS;
			sourceTree = "<group>";
		};
		31C891C8270624F60014389E /* macOS */ = {
			isa = PBXGroup;
			children = (
				31C891C9270624F60014389E /* Info.plist */,
				31C891CA270624F60014389E /* macOS.entitlements */,
			);
			path = macOS;
			sourceTree = "<group>";
		};
		31EA00DD2708D49300BA49FD /* Model */ = {
			isa = PBXGroup;
			children = (
				31EA00DE2708D4B600BA49FD /* Balance.swift */,
			);
			path = Model;
			sourceTree = "<group>";
		};
		31EA00E02708D4CD00BA49FD /* App */ = {
			isa = PBXGroup;
			children = (
				31EA00E72708D57500BA49FD /* SwiftUIView.swift */,
				316DDD5D272FB57400D37160 /* AddBalanceView.swift */,
			);
			path = App;
			sourceTree = "<group>";
		};
/* End PBXGroup section */

/* Begin PBXNativeTarget section */
		31C891BE270624F60014389E /* Xpendi (iOS) */ = {
			isa = PBXNativeTarget;
			buildConfigurationList = 31C891D7270624F60014389E /* Build configuration list for PBXNativeTarget "Xpendi (iOS)" */;
			buildPhases = (
				31C891BB270624F60014389E /* Sources */,
				31C891BC270624F60014389E /* Frameworks */,
				31C891BD270624F60014389E /* Resources */,
			);
			buildRules = (
			);
			dependencies = (
			);
			name = "Xpendi (iOS)";
			productName = "Xpendi (iOS)";
			productReference = 31C891BF270624F60014389E /* Xpendi.app */;
			productType = "com.apple.product-type.application";
		};
		31C891C6270624F60014389E /* Xpendi (macOS) */ = {
			isa = PBXNativeTarget;
			buildConfigurationList = 31C891DA270624F60014389E /* Build configuration list for PBXNativeTarget "Xpendi (macOS)" */;
			buildPhases = (
				31C891C3270624F60014389E /* Sources */,
				31C891C4270624F60014389E /* Frameworks */,
				31C891C5270624F60014389E /* Resources */,
			);
			buildRules = (
			);
			dependencies = (
			);
			name = "Xpendi (macOS)";
			productName = "Xpendi (macOS)";
			productReference = 31C891C7270624F60014389E /* Xpendi.app */;
			productType = "com.apple.product-type.application";
		};
/* End PBXNativeTarget section */

/* Begin PBXProject section */
		31C891B0270624F40014389E /* Project object */ = {
			isa = PBXProject;
			attributes = {
				LastSwiftUpdateCheck = 1250;
				LastUpgradeCheck = 1250;
				TargetAttributes = {
					31C891BE270624F60014389E = {
						CreatedOnToolsVersion = 12.5.1;
					};
					31C891C6270624F60014389E = {
						CreatedOnToolsVersion = 12.5.1;
					};
				};
			};
			buildConfigurationList = 31C891B3270624F40014389E /* Build configuration list for PBXProject "Xpendi" */;
			compatibilityVersion = "Xcode 9.3";
			developmentRegion = en;
			hasScannedForEncodings = 0;
			knownRegions = (
				en,
				Base,
			);
			mainGroup = 31C891AF270624F40014389E;
			productRefGroup = 31C891C0270624F60014389E /* Products */;
			projectDirPath = "";
			projectRoot = "";
			targets = (
				31C891BE270624F60014389E /* Xpendi (iOS) */,
				31C891C6270624F60014389E /* Xpendi (macOS) */,
			);
		};
/* End PBXProject section */

/* Begin PBXResourcesBuildPhase section */
		31C891BD270624F60014389E /* Resources */ = {
			isa = PBXResourcesBuildPhase;
			buildActionMask = 2147483647;
			files = (
				31C891D3270624F60014389E /* Assets.xcassets in Resources */,
				186A51A9270EEC9B000F6756 /* LaunchScreen.storyboard in Resources */,
			);
			runOnlyForDeploymentPostprocessing = 0;
		};
		31C891C5270624F60014389E /* Resources */ = {
			isa = PBXResourcesBuildPhase;
			buildActionMask = 2147483647;
			files = (
				31C891D4270624F60014389E /* Assets.xcassets in Resources */,
			);
			runOnlyForDeploymentPostprocessing = 0;
		};
/* End PBXResourcesBuildPhase section */

/* Begin PBXSourcesBuildPhase section */
		31C891BB270624F60014389E /* Sources */ = {
			isa = PBXSourcesBuildPhase;
			buildActionMask = 2147483647;
			files = (
				31C891CB270624F60014389E /* Xpendi.xcdatamodeld in Sources */,
				316DDD5E272FB57400D37160 /* AddBalanceView.swift in Sources */,
				31C891D1270624F60014389E /* Persistence.swift in Sources */,
				31EA00DF2708D4B600BA49FD /* Balance.swift in Sources */,
				31C891CD270624F60014389E /* XpendiApp.swift in Sources */,
				31EA00E82708D57500BA49FD /* SwiftUIView.swift in Sources */,
			);
			runOnlyForDeploymentPostprocessing = 0;
		};
		31C891C3270624F60014389E /* Sources */ = {
			isa = PBXSourcesBuildPhase;
			buildActionMask = 2147483647;
			files = (
				31C891CC270624F60014389E /* Xpendi.xcdatamodeld in Sources */,
				316DDD5F272FB57400D37160 /* AddBalanceView.swift in Sources */,
				31EA00E62708D54B00BA49FD /* Balance.swift in Sources */,
				31C891D2270624F60014389E /* Persistence.swift in Sources */,
				31C891CE270624F60014389E /* XpendiApp.swift in Sources */,
				31EA00E92708D57800BA49FD /* SwiftUIView.swift in Sources */,
			);
			runOnlyForDeploymentPostprocessing = 0;
		};
/* End PBXSourcesBuildPhase section */

/* Begin XCBuildConfiguration section */
		31C891D5270624F60014389E /* Debug */ = {
			isa = XCBuildConfiguration;
			buildSettings = {
				ALWAYS_SEARCH_USER_PATHS = NO;
				CLANG_ANALYZER_NONNULL = YES;
				CLANG_ANALYZER_NUMBER_OBJECT_CONVERSION = YES_AGGRESSIVE;
				CLANG_CXX_LANGUAGE_STANDARD = "gnu++14";
				CLANG_CXX_LIBRARY = "libc++";
				CLANG_ENABLE_MODULES = YES;
				CLANG_ENABLE_OBJC_ARC = YES;
				CLANG_ENABLE_OBJC_WEAK = YES;
				CLANG_WARN_BLOCK_CAPTURE_AUTORELEASING = YES;
				CLANG_WARN_BOOL_CONVERSION = YES;
				CLANG_WARN_COMMA = YES;
				CLANG_WARN_CONSTANT_CONVERSION = YES;
				CLANG_WARN_DEPRECATED_OBJC_IMPLEMENTATIONS = YES;
				CLANG_WARN_DIRECT_OBJC_ISA_USAGE = YES_ERROR;
				CLANG_WARN_DOCUMENTATION_COMMENTS = YES;
				CLANG_WARN_EMPTY_BODY = YES;
				CLANG_WARN_ENUM_CONVERSION = YES;
				CLANG_WARN_INFINITE_RECURSION = YES;
				CLANG_WARN_INT_CONVERSION = YES;
				CLANG_WARN_NON_LITERAL_NULL_CONVERSION = YES;
				CLANG_WARN_OBJC_IMPLICIT_RETAIN_SELF = YES;
				CLANG_WARN_OBJC_LITERAL_CONVERSION = YES;
				CLANG_WARN_OBJC_ROOT_CLASS = YES_ERROR;
				CLANG_WARN_QUOTED_INCLUDE_IN_FRAMEWORK_HEADER = YES;
				CLANG_WARN_RANGE_LOOP_ANALYSIS = YES;
				CLANG_WARN_STRICT_PROTOTYPES = YES;
				CLANG_WARN_SUSPICIOUS_MOVE = YES;
				CLANG_WARN_UNGUARDED_AVAILABILITY = YES_AGGRESSIVE;
				CLANG_WARN_UNREACHABLE_CODE = YES;
				CLANG_WARN__DUPLICATE_METHOD_MATCH = YES;
				COPY_PHASE_STRIP = NO;
				DEBUG_INFORMATION_FORMAT = dwarf;
				ENABLE_STRICT_OBJC_MSGSEND = YES;
				ENABLE_TESTABILITY = YES;
				GCC_C_LANGUAGE_STANDARD = gnu11;
				GCC_DYNAMIC_NO_PIC = NO;
				GCC_NO_COMMON_BLOCKS = YES;
				GCC_OPTIMIZATION_LEVEL = 0;
				GCC_PREPROCESSOR_DEFINITIONS = (
					"DEBUG=1",
					"$(inherited)",
				);
				GCC_WARN_64_TO_32_BIT_CONVERSION = YES;
				GCC_WARN_ABOUT_RETURN_TYPE = YES_ERROR;
				GCC_WARN_UNDECLARED_SELECTOR = YES;
				GCC_WARN_UNINITIALIZED_AUTOS = YES_AGGRESSIVE;
				GCC_WARN_UNUSED_FUNCTION = YES;
				GCC_WARN_UNUSED_VARIABLE = YES;
				MTL_ENABLE_DEBUG_INFO = INCLUDE_SOURCE;
				MTL_FAST_MATH = YES;
				ONLY_ACTIVE_ARCH = YES;
				SWIFT_ACTIVE_COMPILATION_CONDITIONS = DEBUG;
				SWIFT_OPTIMIZATION_LEVEL = "-Onone";
			};
			name = Debug;
		};
		31C891D6270624F60014389E /* Release */ = {
			isa = XCBuildConfiguration;
			buildSettings = {
				ALWAYS_SEARCH_USER_PATHS = NO;
				CLANG_ANALYZER_NONNULL = YES;
				CLANG_ANALYZER_NUMBER_OBJECT_CONVERSION = YES_AGGRESSIVE;
				CLANG_CXX_LANGUAGE_STANDARD = "gnu++14";
				CLANG_CXX_LIBRARY = "libc++";
				CLANG_ENABLE_MODULES = YES;
				CLANG_ENABLE_OBJC_ARC = YES;
				CLANG_ENABLE_OBJC_WEAK = YES;
				CLANG_WARN_BLOCK_CAPTURE_AUTORELEASING = YES;
				CLANG_WARN_BOOL_CONVERSION = YES;
				CLANG_WARN_COMMA = YES;
				CLANG_WARN_CONSTANT_CONVERSION = YES;
				CLANG_WARN_DEPRECATED_OBJC_IMPLEMENTATIONS = YES;
				CLANG_WARN_DIRECT_OBJC_ISA_USAGE = YES_ERROR;
				CLANG_WARN_DOCUMENTATION_COMMENTS = YES;
				CLANG_WARN_EMPTY_BODY = YES;
				CLANG_WARN_ENUM_CONVERSION = YES;
				CLANG_WARN_INFINITE_RECURSION = YES;
				CLANG_WARN_INT_CONVERSION = YES;
				CLANG_WARN_NON_LITERAL_NULL_CONVERSION = YES;
				CLANG_WARN_OBJC_IMPLICIT_RETAIN_SELF = YES;
				CLANG_WARN_OBJC_LITERAL_CONVERSION = YES;
				CLANG_WARN_OBJC_ROOT_CLASS = YES_ERROR;
				CLANG_WARN_QUOTED_INCLUDE_IN_FRAMEWORK_HEADER = YES;
				CLANG_WARN_RANGE_LOOP_ANALYSIS = YES;
				CLANG_WARN_STRICT_PROTOTYPES = YES;
				CLANG_WARN_SUSPICIOUS_MOVE = YES;
				CLANG_WARN_UNGUARDED_AVAILABILITY = YES_AGGRESSIVE;
				CLANG_WARN_UNREACHABLE_CODE = YES;
				CLANG_WARN__DUPLICATE_METHOD_MATCH = YES;
				COPY_PHASE_STRIP = NO;
				DEBUG_INFORMATION_FORMAT = "dwarf-with-dsym";
				ENABLE_NS_ASSERTIONS = NO;
				ENABLE_STRICT_OBJC_MSGSEND = YES;
				GCC_C_LANGUAGE_STANDARD = gnu11;
				GCC_NO_COMMON_BLOCKS = YES;
				GCC_WARN_64_TO_32_BIT_CONVERSION = YES;
				GCC_WARN_ABOUT_RETURN_TYPE = YES_ERROR;
				GCC_WARN_UNDECLARED_SELECTOR = YES;
				GCC_WARN_UNINITIALIZED_AUTOS = YES_AGGRESSIVE;
				GCC_WARN_UNUSED_FUNCTION = YES;
				GCC_WARN_UNUSED_VARIABLE = YES;
				MTL_ENABLE_DEBUG_INFO = NO;
				MTL_FAST_MATH = YES;
				SWIFT_COMPILATION_MODE = wholemodule;
				SWIFT_OPTIMIZATION_LEVEL = "-O";
			};
			name = Release;
		};
		31C891D8270624F60014389E /* Debug */ = {
			isa = XCBuildConfiguration;
			buildSettings = {
				ASSETCATALOG_COMPILER_APPICON_NAME = AppIcon;
				ASSETCATALOG_COMPILER_GLOBAL_ACCENT_COLOR_NAME = AccentColor;
				CODE_SIGN_STYLE = Automatic;
				DEVELOPMENT_TEAM = 6D98G6WZSC;
				ENABLE_PREVIEWS = YES;
				INFOPLIST_FILE = iOS/Info.plist;
				IPHONEOS_DEPLOYMENT_TARGET = 14.0;
				LD_RUNPATH_SEARCH_PATHS = (
					"$(inherited)",
					"@executable_path/Frameworks",
				);
				PRODUCT_BUNDLE_IDENTIFIER = IEEE.Xpendi;
				PRODUCT_NAME = Xpendi;
				SDKROOT = iphoneos;
				SWIFT_VERSION = 5.0;
				TARGETED_DEVICE_FAMILY = "1,2";
			};
			name = Debug;
		};
		31C891D9270624F60014389E /* Release */ = {
			isa = XCBuildConfiguration;
			buildSettings = {
				ASSETCATALOG_COMPILER_APPICON_NAME = AppIcon;
				ASSETCATALOG_COMPILER_GLOBAL_ACCENT_COLOR_NAME = AccentColor;
				CODE_SIGN_STYLE = Automatic;
				DEVELOPMENT_TEAM = 6D98G6WZSC;
				ENABLE_PREVIEWS = YES;
				INFOPLIST_FILE = iOS/Info.plist;
				IPHONEOS_DEPLOYMENT_TARGET = 14.0;
				LD_RUNPATH_SEARCH_PATHS = (
					"$(inherited)",
					"@executable_path/Frameworks",
				);
				PRODUCT_BUNDLE_IDENTIFIER = IEEE.Xpendi;
				PRODUCT_NAME = Xpendi;
				SDKROOT = iphoneos;
				SWIFT_VERSION = 5.0;
				TARGETED_DEVICE_FAMILY = "1,2";
				VALIDATE_PRODUCT = YES;
			};
			name = Release;
		};
		31C891DB270624F60014389E /* Debug */ = {
			isa = XCBuildConfiguration;
			buildSettings = {
				ASSETCATALOG_COMPILER_APPICON_NAME = AppIcon;
				ASSETCATALOG_COMPILER_GLOBAL_ACCENT_COLOR_NAME = AccentColor;
				CODE_SIGN_ENTITLEMENTS = macOS/macOS.entitlements;
				CODE_SIGN_STYLE = Automatic;
				COMBINE_HIDPI_IMAGES = YES;
				DEVELOPMENT_TEAM = 6D98G6WZSC;
				ENABLE_HARDENED_RUNTIME = YES;
				ENABLE_PREVIEWS = YES;
				INFOPLIST_FILE = macOS/Info.plist;
				LD_RUNPATH_SEARCH_PATHS = (
					"$(inherited)",
					"@executable_path/../Frameworks",
				);
				MACOSX_DEPLOYMENT_TARGET = 11.0;
				PRODUCT_BUNDLE_IDENTIFIER = IEEE.Xpendi;
				PRODUCT_NAME = Xpendi;
				SDKROOT = macosx;
				SWIFT_VERSION = 5.0;
			};
			name = Debug;
		};
		31C891DC270624F60014389E /* Release */ = {
			isa = XCBuildConfiguration;
			buildSettings = {
				ASSETCATALOG_COMPILER_APPICON_NAME = AppIcon;
				ASSETCATALOG_COMPILER_GLOBAL_ACCENT_COLOR_NAME = AccentColor;
				CODE_SIGN_ENTITLEMENTS = macOS/macOS.entitlements;
				CODE_SIGN_STYLE = Automatic;
				COMBINE_HIDPI_IMAGES = YES;
				DEVELOPMENT_TEAM = 6D98G6WZSC;
				ENABLE_HARDENED_RUNTIME = YES;
				ENABLE_PREVIEWS = YES;
				INFOPLIST_FILE = macOS/Info.plist;
				LD_RUNPATH_SEARCH_PATHS = (
					"$(inherited)",
					"@executable_path/../Frameworks",
				);
				MACOSX_DEPLOYMENT_TARGET = 11.0;
				PRODUCT_BUNDLE_IDENTIFIER = IEEE.Xpendi;
				PRODUCT_NAME = Xpendi;
				SDKROOT = macosx;
				SWIFT_VERSION = 5.0;
			};
			name = Release;
		};
/* End XCBuildConfiguration section */

/* Begin XCConfigurationList section */
		31C891B3270624F40014389E /* Build configuration list for PBXProject "Xpendi" */ = {
			isa = XCConfigurationList;
			buildConfigurations = (
				31C891D5270624F60014389E /* Debug */,
				31C891D6270624F60014389E /* Release */,
			);
			defaultConfigurationIsVisible = 0;
			defaultConfigurationName = Release;
		};
		31C891D7270624F60014389E /* Build configuration list for PBXNativeTarget "Xpendi (iOS)" */ = {
			isa = XCConfigurationList;
			buildConfigurations = (
				31C891D8270624F60014389E /* Debug */,
				31C891D9270624F60014389E /* Release */,
			);
			defaultConfigurationIsVisible = 0;
			defaultConfigurationName = Release;
		};
		31C891DA270624F60014389E /* Build configuration list for PBXNativeTarget "Xpendi (macOS)" */ = {
			isa = XCConfigurationList;
			buildConfigurations = (
				31C891DB270624F60014389E /* Debug */,
				31C891DC270624F60014389E /* Release */,
			);
			defaultConfigurationIsVisible = 0;
			defaultConfigurationName = Release;
		};
/* End XCConfigurationList section */

/* Begin XCVersionGroup section */
		31C891B5270624F40014389E /* Xpendi.xcdatamodeld */ = {
			isa = XCVersionGroup;
			children = (
				31C891B6270624F40014389E /* Shared.xcdatamodel */,
			);
			currentVersion = 31C891B6270624F40014389E /* Shared.xcdatamodel */;
			path = Xpendi.xcdatamodeld;
			sourceTree = "<group>";
			versionGroupType = wrapper.xcdatamodel;
		};
/* End XCVersionGroup section */
	};
	rootObject = 31C891B0270624F40014389E /* Project object */;
}
